
Microsoft Visual Studio Solution File, Format Version 12.00
# Visual Studio Version 17
VisualStudioVersion = 17.5.002.0
MinimumVisualStudioVersion = 10.0.40219.1
Project("{9A19103F-16F7-4668-BE54-9A1E7A4F7556}") = "DesafioPOO", "DesafioPOO.csproj", "{0D0370F5-DF11-4C2F-BC20-93C276605392}"
EndProject
Global
	GlobalSection(SolutionConfigurationPlatforms) = preSolution
		Debug|Any CPU = Debug|Any CPU
		Release|Any CPU = Release|Any CPU
	EndGlobalSection
	GlobalSection(ProjectConfigurationPlatforms) = postSolution
		{0D0370F5-DF11-4C2F-BC20-93C276605392}.Debug|Any CPU.ActiveCfg = Debug|Any CPU
		{0D0370F5-DF11-4C2F-BC20-93C276605392}.Debug|Any CPU.Build.0 = Debug|Any CPU
		{0D0370F5-DF11-4C2F-BC20-93C276605392}.Release|Any CPU.ActiveCfg = Release|Any CPU
		{0D0370F5-DF11-4C2F-BC20-93C276605392}.Release|Any CPU.Build.0 = Release|Any CPU
	EndGlobalSection
	GlobalSection(SolutionProperties) = preSolution
		HideSolutionNode = FALSE
	EndGlobalSection
	GlobalSection(ExtensibilityGlobals) = postSolution
		SolutionGuid = {8315607A-78B9-4042-81CA-76CE036DF8E2}
	EndGlobalSection
EndGlobal
